# @generated by Move, please check-in and do not edit manually.

[move]
version = 3
manifest_digest = "DD9C7860FE9ED599097DFD4E68160700C9114C4E0BBD20D17C6D6981AB50ACBE"
deps_digest = "F8BBB0CCB2491CA29A3DF03D6F92277A4F3574266507ACD77214D37ECA3F3082"
dependencies = [
  { id = "Sui", name = "Sui" },
]

[[move.package]]
id = "MoveStdlib"
source = { git = "https://github.com/MystenLabs/sui.git", rev = "framework/mainnet", subdir = "crates/sui-framework/packages/move-stdlib" }

[[move.package]]
id = "Sui"
source = { git = "https://github.com/MystenLabs/sui.git", rev = "framework/mainnet", subdir = "crates/sui-framework/packages/sui-framework" }

dependencies = [
  { id = "MoveStdlib", name = "MoveStdlib" },
]

[move.toolchain-version]
compiler-version = "1.41.0"
edition = "2024.beta"
flavor = "sui"

[env]

[env.mainnet]
chain-id = "35834a8a"
original-published-id = "0x6665148251f6dca28a6e8eb5a56ebb19d09e1c0ce95905427a09dc7126219e19"
latest-published-id = "0x6665148251f6dca28a6e8eb5a56ebb19d09e1c0ce95905427a09dc7126219e19"
published-version = "1"

[env.testnet]
chain-id = "4c78adac"
original-published-id = "0xc1ab2ee1c026f4ac8c665db2673b2033753bb96a104773d00d3da39fa7f9716b"
latest-published-id = "0x459f8e270fb55680b023b473f353fbe804fc40c6b0f77ba99073a95cd974a15b"
published-version = "3"
